
Microsoft Visual Studio Solution File, Format Version 12.00
# Visual Studio Version 16
VisualStudioVersion = 16.0.31624.102
MinimumVisualStudioVersion = 10.0.40219.1
Project("{9A19103F-16F7-4668-BE54-9A1E7A4F7556}") = "SPP_1", "SPP_1\SPP_1.csproj", "{03012200-FF7A-4AE7-982F-6F468A5758E1}"
EndProject
Project("{9A19103F-16F7-4668-BE54-9A1E7A4F7556}") = "TraceLib", "TraceLib\TraceLib.csproj", "{52F1C343-0DD4-4517-BC89-21CACA87D62D}"
EndProject
Project("{FAE04EC0-301F-11D3-BF4B-00C04F79EFBC}") = "TraceTest", "TraceTest\TraceTest.csproj", "{3751B304-ADB7-4AA7-B24B-5C15BE4D97EC}"
EndProject
Global
	GlobalSection(SolutionConfigurationPlatforms) = preSolution
		Debug|Any CPU = Debug|Any CPU
		Release|Any CPU = Release|Any CPU
	EndGlobalSection
	GlobalSection(ProjectConfigurationPlatforms) = postSolution
		{03012200-FF7A-4AE7-982F-6F468A5758E1}.Debug|Any CPU.ActiveCfg = Debug|Any CPU
		{03012200-FF7A-4AE7-982F-6F468A5758E1}.Debug|Any CPU.Build.0 = Debug|Any CPU
		{03012200-FF7A-4AE7-982F-6F468A5758E1}.Release|Any CPU.ActiveCfg = Release|Any CPU
		{03012200-FF7A-4AE7-982F-6F468A5758E1}.Release|Any CPU.Build.0 = Release|Any CPU
		{52F1C343-0DD4-4517-BC89-21CACA87D62D}.Debug|Any CPU.ActiveCfg = Debug|Any CPU
		{52F1C343-0DD4-4517-BC89-21CACA87D62D}.Debug|Any CPU.Build.0 = Debug|Any CPU
		{52F1C343-0DD4-4517-BC89-21CACA87D62D}.Release|Any CPU.ActiveCfg = Release|Any CPU
		{52F1C343-0DD4-4517-BC89-21CACA87D62D}.Release|Any CPU.Build.0 = Release|Any CPU
		{3751B304-ADB7-4AA7-B24B-5C15BE4D97EC}.Debug|Any CPU.ActiveCfg = Debug|Any CPU
		{3751B304-ADB7-4AA7-B24B-5C15BE4D97EC}.Debug|Any CPU.Build.0 = Debug|Any CPU
		{3751B304-ADB7-4AA7-B24B-5C15BE4D97EC}.Release|Any CPU.ActiveCfg = Release|Any CPU
		{3751B304-ADB7-4AA7-B24B-5C15BE4D97EC}.Release|Any CPU.Build.0 = Release|Any CPU
	EndGlobalSection
	GlobalSection(SolutionProperties) = preSolution
		HideSolutionNode = FALSE
	EndGlobalSection
	GlobalSection(ExtensibilityGlobals) = postSolution
		SolutionGuid = {3D486D57-D4CA-40BB-BCFE-C9D9FF12983A}
	EndGlobalSection
EndGlobal
